# THIS IS AN AUTOGENERATED FILE. DO NOT EDIT THIS FILE DIRECTLY.
# yarn lockfile v1


cross-fetch@^3.0.5:
  version "3.0.6"
  resolved "https://registry.yarnpkg.com/cross-fetch/-/cross-fetch-3.0.6.tgz#3a4040bc8941e653e0e9cf17f29ebcd177d3365c"
  integrity sha512-KBPUbqgFjzWlVcURG+Svp9TlhA5uliYtiNx/0r8nv0pdypeQCRJ9IaSIc3q/x3q8t3F75cHuwxVql1HFGHCNJQ==
  dependencies:
    node-fetch "2.6.1"

meilisearch@^0.18.1:
  version "0.18.1"
  resolved "https://registry.yarnpkg.com/meilisearch/-/meilisearch-0.18.1.tgz#6b12da60628ec5d6438ba677a8295971e1035938"
  integrity sha512-eGdcx5/0ktj5I2vC/bNbHg3ORuq9nh++fA39t03nG31J1SoFJmnx3Z0r83Q/yrfA+hAP/qhCI/6B8dHMEcCQJg==
  dependencies:
    cross-fetch "^3.0.5"

node-fetch@2.6.1:
  version "2.6.1"
  resolved "https://registry.yarnpkg.com/node-fetch/-/node-fetch-2.6.1.tgz#045bd323631f76ed2e2b55573394416b639a0052"
  integrity sha512-V4aYg89jEoVRxRb2fJdAg8FHvI7cEyYdVAh94HH0UIK8oJxUfkjlDQN9RbMx+bEjP7+ggMiFRprSti032Oipxw==
